
Microsoft Visual Studio Solution File, Format Version 12.00
# Visual Studio 15
VisualStudioVersion = 15.0.28010.2003
MinimumVisualStudioVersion = 10.0.40219.1
Project("{FAE04EC0-301F-11D3-BF4B-00C04F79EFBC}") = "Prueba 1", "Prueba 1\Prueba 1.csproj", "{59A49CC9-23D2-48F5-9644-CB7D2358B1A0}"
EndProject
Global
	GlobalSection(SolutionConfigurationPlatforms) = preSolution
		Debug|Any CPU = Debug|Any CPU
		Release|Any CPU = Release|Any CPU
	EndGlobalSection
	GlobalSection(ProjectConfigurationPlatforms) = postSolution
		{59A49CC9-23D2-48F5-9644-CB7D2358B1A0}.Debug|Any CPU.ActiveCfg = Debug|Any CPU
		{59A49CC9-23D2-48F5-9644-CB7D2358B1A0}.Debug|Any CPU.Build.0 = Debug|Any CPU
		{59A49CC9-23D2-48F5-9644-CB7D2358B1A0}.Release|Any CPU.ActiveCfg = Release|Any CPU
		{59A49CC9-23D2-48F5-9644-CB7D2358B1A0}.Release|Any CPU.Build.0 = Release|Any CPU
	EndGlobalSection
	GlobalSection(SolutionProperties) = preSolution
		HideSolutionNode = FALSE
	EndGlobalSection
	GlobalSection(ExtensibilityGlobals) = postSolution
		SolutionGuid = {958943F3-FDFA-4ABD-8F71-F0AFB5D4335E}
	EndGlobalSection
EndGlobal
